
Microsoft Visual Studio Solution File, Format Version 12.00
# Visual Studio Version 16
VisualStudioVersion = 16.0.30330.147
MinimumVisualStudioVersion = 10.0.40219.1
Project("{FAE04EC0-301F-11D3-BF4B-00C04F79EFBC}") = "ReflectionOrnekleri", "ReflectionOrnekleri\ReflectionOrnekleri.csproj", "{03A69D35-6C14-48F5-BC88-C1D068619A04}"
EndProject
Global
	GlobalSection(SolutionConfigurationPlatforms) = preSolution
		Debug|Any CPU = Debug|Any CPU
		Release|Any CPU = Release|Any CPU
	EndGlobalSection
	GlobalSection(ProjectConfigurationPlatforms) = postSolution
		{03A69D35-6C14-48F5-BC88-C1D068619A04}.Debug|Any CPU.ActiveCfg = Debug|Any CPU
		{03A69D35-6C14-48F5-BC88-C1D068619A04}.Debug|Any CPU.Build.0 = Debug|Any CPU
		{03A69D35-6C14-48F5-BC88-C1D068619A04}.Release|Any CPU.ActiveCfg = Release|Any CPU
		{03A69D35-6C14-48F5-BC88-C1D068619A04}.Release|Any CPU.Build.0 = Release|Any CPU
	EndGlobalSection
	GlobalSection(SolutionProperties) = preSolution
		HideSolutionNode = FALSE
	EndGlobalSection
	GlobalSection(ExtensibilityGlobals) = postSolution
		SolutionGuid = {386DC510-69B4-4F30-9681-0996F76C13FB}
	EndGlobalSection
EndGlobal
